
Microsoft Visual Studio Solution File, Format Version 12.00
# Visual Studio Version 16
VisualStudioVersion = 16.0.29613.14
MinimumVisualStudioVersion = 10.0.40219.1
Project("{9A19103F-16F7-4668-BE54-9A1E7A4F7556}") = "LibVDF", "LibVDF\LibVDF.csproj", "{831E1F4B-B2F2-4518-994E-C4D33C90397E}"
EndProject
Project("{9A19103F-16F7-4668-BE54-9A1E7A4F7556}") = "LibVDF.Tests", "LibVDF.Tests\LibVDF.Tests.csproj", "{6AB4B309-84C1-4C44-8AF5-A0DE91FAFF2C}"
EndProject
Global
	GlobalSection(SolutionConfigurationPlatforms) = preSolution
		Debug|Any CPU = Debug|Any CPU
		Release|Any CPU = Release|Any CPU
	EndGlobalSection
	GlobalSection(ProjectConfigurationPlatforms) = postSolution
		{831E1F4B-B2F2-4518-994E-C4D33C90397E}.Debug|Any CPU.ActiveCfg = Debug|Any CPU
		{831E1F4B-B2F2-4518-994E-C4D33C90397E}.Debug|Any CPU.Build.0 = Debug|Any CPU
		{831E1F4B-B2F2-4518-994E-C4D33C90397E}.Release|Any CPU.ActiveCfg = Release|Any CPU
		{831E1F4B-B2F2-4518-994E-C4D33C90397E}.Release|Any CPU.Build.0 = Release|Any CPU
		{6AB4B309-84C1-4C44-8AF5-A0DE91FAFF2C}.Debug|Any CPU.ActiveCfg = Debug|Any CPU
		{6AB4B309-84C1-4C44-8AF5-A0DE91FAFF2C}.Debug|Any CPU.Build.0 = Debug|Any CPU
		{6AB4B309-84C1-4C44-8AF5-A0DE91FAFF2C}.Release|Any CPU.ActiveCfg = Release|Any CPU
		{6AB4B309-84C1-4C44-8AF5-A0DE91FAFF2C}.Release|Any CPU.Build.0 = Release|Any CPU
	EndGlobalSection
	GlobalSection(SolutionProperties) = preSolution
		HideSolutionNode = FALSE
	EndGlobalSection
	GlobalSection(ExtensibilityGlobals) = postSolution
		SolutionGuid = {74FDBF39-82EF-49EF-A5EB-DCB9B331B236}
	EndGlobalSection
EndGlobal
